
Microsoft Visual Studio Solution File, Format Version 12.00
# Visual Studio Version 17
VisualStudioVersion = 17.2.32630.192
MinimumVisualStudioVersion = 10.0.40219.1
Project("{FAE04EC0-301F-11D3-BF4B-00C04F79EFBC}") = "MovieLibary.Host", "MovieLibary.Host\MovieLibary.Host.csproj", "{869A64A5-6193-4EC2-83FD-26554541E16F}"
EndProject
Global
	GlobalSection(SolutionConfigurationPlatforms) = preSolution
		Debug|Any CPU = Debug|Any CPU
		Release|Any CPU = Release|Any CPU
	EndGlobalSection
	GlobalSection(ProjectConfigurationPlatforms) = postSolution
		{869A64A5-6193-4EC2-83FD-26554541E16F}.Debug|Any CPU.ActiveCfg = Debug|Any CPU
		{869A64A5-6193-4EC2-83FD-26554541E16F}.Debug|Any CPU.Build.0 = Debug|Any CPU
		{869A64A5-6193-4EC2-83FD-26554541E16F}.Release|Any CPU.ActiveCfg = Release|Any CPU
		{869A64A5-6193-4EC2-83FD-26554541E16F}.Release|Any CPU.Build.0 = Release|Any CPU
	EndGlobalSection
	GlobalSection(SolutionProperties) = preSolution
		HideSolutionNode = FALSE
	EndGlobalSection
	GlobalSection(ExtensibilityGlobals) = postSolution
		SolutionGuid = {D57BB926-578A-4876-A093-4E50855F1561}
	EndGlobalSection
EndGlobal
